
Microsoft Visual Studio Solution File, Format Version 12.00
# Visual Studio 15
VisualStudioVersion = 15.0.27428.2015
MinimumVisualStudioVersion = 10.0.40219.1
Project("{FAE04EC0-301F-11D3-BF4B-00C04F79EFBC}") = "Team Management System", "Team Management System\Team Management System.csproj", "{39B1E10F-3AE5-4440-8DCF-AFEA928230FD}"
EndProject
Global
	GlobalSection(SolutionConfigurationPlatforms) = preSolution
		Debug|Any CPU = Debug|Any CPU
		Release|Any CPU = Release|Any CPU
	EndGlobalSection
	GlobalSection(ProjectConfigurationPlatforms) = postSolution
		{39B1E10F-3AE5-4440-8DCF-AFEA928230FD}.Debug|Any CPU.ActiveCfg = Debug|Any CPU
		{39B1E10F-3AE5-4440-8DCF-AFEA928230FD}.Debug|Any CPU.Build.0 = Debug|Any CPU
		{39B1E10F-3AE5-4440-8DCF-AFEA928230FD}.Release|Any CPU.ActiveCfg = Release|Any CPU
		{39B1E10F-3AE5-4440-8DCF-AFEA928230FD}.Release|Any CPU.Build.0 = Release|Any CPU
	EndGlobalSection
	GlobalSection(SolutionProperties) = preSolution
		HideSolutionNode = FALSE
	EndGlobalSection
	GlobalSection(ExtensibilityGlobals) = postSolution
		SolutionGuid = {DDE254AD-ECA6-4180-8D38-A6A96F9E0834}
	EndGlobalSection
EndGlobal
